// !$*UTF8*$!
{
	archiveVersion = 1;
	classes = {
	};
	objectVersion = 56;
	objects = {

/* Begin PBXBuildFile section */
		40C4ACBC2A36A1BB00389451 /* GoogleService-Info.plist in Resources */ = {isa = PBXBuildFile; fileRef = 40C4ACBB2A36A1BB00389451 /* GoogleService-Info.plist */; };
		40C4ACBF2A36A3A300389451 /* FirebaseAuth in Frameworks */ = {isa = PBXBuildFile; productRef = 40C4ACBE2A36A3A300389451 /* FirebaseAuth */; };
		40C4ACC12A36A3A300389451 /* FirebaseFirestore in Frameworks */ = {isa = PBXBuildFile; productRef = 40C4ACC02A36A3A300389451 /* FirebaseFirestore */; };
		40C4ACC32A36A3A300389451 /* FirebaseFirestoreSwift in Frameworks */ = {isa = PBXBuildFile; productRef = 40C4ACC22A36A3A300389451 /* FirebaseFirestoreSwift */; };
		40C4ACC52A36A3A300389451 /* FirebaseStorage in Frameworks */ = {isa = PBXBuildFile; productRef = 40C4ACC42A36A3A300389451 /* FirebaseStorage */; };
		F25AAB752A368F56001C9776 /* AppDelegate.swift in Sources */ = {isa = PBXBuildFile; fileRef = F25AAB742A368F56001C9776 /* AppDelegate.swift */; };
		F25AAB772A368F56001C9776 /* SceneDelegate.swift in Sources */ = {isa = PBXBuildFile; fileRef = F25AAB762A368F56001C9776 /* SceneDelegate.swift */; };
		F25AAB7C2A368F56001C9776 /* Main.storyboard in Resources */ = {isa = PBXBuildFile; fileRef = F25AAB7A2A368F56001C9776 /* Main.storyboard */; };
		F25AAB7E2A368F59001C9776 /* Assets.xcassets in Resources */ = {isa = PBXBuildFile; fileRef = F25AAB7D2A368F59001C9776 /* Assets.xcassets */; };
		F25AAB812A368F59001C9776 /* LaunchScreen.storyboard in Resources */ = {isa = PBXBuildFile; fileRef = F25AAB7F2A368F59001C9776 /* LaunchScreen.storyboard */; };
		F25AABAC2A369521001C9776 /* ViewController.swift in Sources */ = {isa = PBXBuildFile; fileRef = F25AABA62A369520001C9776 /* ViewController.swift */; };
		F25AABAD2A369521001C9776 /* ContactsTableViewManager.swift in Sources */ = {isa = PBXBuildFile; fileRef = F25AABA72A369520001C9776 /* ContactsTableViewManager.swift */; };
		F25AABAE2A369521001C9776 /* RightBarButtonManager.swift in Sources */ = {isa = PBXBuildFile; fileRef = F25AABA82A369520001C9776 /* RightBarButtonManager.swift */; };
		F25AABAF2A369521001C9776 /* ContactsTableViewCell.swift in Sources */ = {isa = PBXBuildFile; fileRef = F25AABAA2A369520001C9776 /* ContactsTableViewCell.swift */; };
		F25AABB02A369521001C9776 /* MainScreenView.swift in Sources */ = {isa = PBXBuildFile; fileRef = F25AABAB2A369520001C9776 /* MainScreenView.swift */; };
		F25AABB32A369535001C9776 /* User.swift in Sources */ = {isa = PBXBuildFile; fileRef = F25AABB22A369535001C9776 /* User.swift */; };
		F25AABB82A369540001C9776 /* AddContactViewController.swift in Sources */ = {isa = PBXBuildFile; fileRef = F25AABB52A369540001C9776 /* AddContactViewController.swift */; };
		F25AABB92A369540001C9776 /* AddContactView.swift in Sources */ = {isa = PBXBuildFile; fileRef = F25AABB72A369540001C9776 /* AddContactView.swift */; };
		F25AABC02A369573001C9776 /* RegisterFirebaseManager.swift in Sources */ = {isa = PBXBuildFile; fileRef = F25AABBB2A369572001C9776 /* RegisterFirebaseManager.swift */; };
		F25AABC12A369573001C9776 /* RegisterProgressIndicatorManager.swift in Sources */ = {isa = PBXBuildFile; fileRef = F25AABBC2A369572001C9776 /* RegisterProgressIndicatorManager.swift */; };
		F25AABC22A369573001C9776 /* RegisterView.swift in Sources */ = {isa = PBXBuildFile; fileRef = F25AABBE2A369572001C9776 /* RegisterView.swift */; };
		F25AABC32A369573001C9776 /* RegisterViewController.swift in Sources */ = {isa = PBXBuildFile; fileRef = F25AABBF2A369572001C9776 /* RegisterViewController.swift */; };
		F25AABC82A3698D1001C9776 /* ViewChatViewController.swift in Sources */ = {isa = PBXBuildFile; fileRef = F25AABC72A3698D1001C9776 /* ViewChatViewController.swift */; };
		F25AABCA2A3698F1001C9776 /* ViewChatView.swift in Sources */ = {isa = PBXBuildFile; fileRef = F25AABC92A3698F1001C9776 /* ViewChatView.swift */; };
		F25AABCC2A369B01001C9776 /* ChatTableViewCell.swift in Sources */ = {isa = PBXBuildFile; fileRef = F25AABCB2A369B01001C9776 /* ChatTableViewCell.swift */; };
		F25AABCE2A36A944001C9776 /* Message.swift in Sources */ = {isa = PBXBuildFile; fileRef = F25AABCD2A36A944001C9776 /* Message.swift */; };
		F25AABD22A36BA01001C9776 /* ProgressSpinnerViewController.swift in Sources */ = {isa = PBXBuildFile; fileRef = F25AABD02A36BA01001C9776 /* ProgressSpinnerViewController.swift */; };
		F25AABD32A36BA01001C9776 /* ProgressSpinnerDelegate.swift in Sources */ = {isa = PBXBuildFile; fileRef = F25AABD12A36BA01001C9776 /* ProgressSpinnerDelegate.swift */; };
/* End PBXBuildFile section */

/* Begin PBXContainerItemProxy section */
		F25AAB882A368F59001C9776 /* PBXContainerItemProxy */ = {
			isa = PBXContainerItemProxy;
			containerPortal = F25AAB692A368F56001C9776 /* Project object */;
			proxyType = 1;
			remoteGlobalIDString = F25AAB702A368F56001C9776;
			remoteInfo = iOSChat;
		};
		F25AAB922A368F59001C9776 /* PBXContainerItemProxy */ = {
			isa = PBXContainerItemProxy;
			containerPortal = F25AAB692A368F56001C9776 /* Project object */;
			proxyType = 1;
			remoteGlobalIDString = F25AAB702A368F56001C9776;
			remoteInfo = iOSChat;
		};
/* End PBXContainerItemProxy section */

/* Begin PBXFileReference section */
		40C4ACBB2A36A1BB00389451 /* GoogleService-Info.plist */ = {isa = PBXFileReference; fileEncoding = 4; lastKnownFileType = text.plist.xml; path = "GoogleService-Info.plist"; sourceTree = "<group>"; };
		F25AAB712A368F56001C9776 /* iOSChat.app */ = {isa = PBXFileReference; explicitFileType = wrapper.application; includeInIndex = 0; path = iOSChat.app; sourceTree = BUILT_PRODUCTS_DIR; };
		F25AAB742A368F56001C9776 /* AppDelegate.swift */ = {isa = PBXFileReference; lastKnownFileType = sourcecode.swift; path = AppDelegate.swift; sourceTree = "<group>"; };
		F25AAB762A368F56001C9776 /* SceneDelegate.swift */ = {isa = PBXFileReference; lastKnownFileType = sourcecode.swift; path = SceneDelegate.swift; sourceTree = "<group>"; };
		F25AAB7B2A368F56001C9776 /* Base */ = {isa = PBXFileReference; lastKnownFileType = file.storyboard; name = Base; path = Base.lproj/Main.storyboard; sourceTree = "<group>"; };
		F25AAB7D2A368F59001C9776 /* Assets.xcassets */ = {isa = PBXFileReference; lastKnownFileType = folder.assetcatalog; path = Assets.xcassets; sourceTree = "<group>"; };
		F25AAB802A368F59001C9776 /* Base */ = {isa = PBXFileReference; lastKnownFileType = file.storyboard; name = Base; path = Base.lproj/LaunchScreen.storyboard; sourceTree = "<group>"; };
		F25AAB822A368F59001C9776 /* Info.plist */ = {isa = PBXFileReference; lastKnownFileType = text.plist.xml; path = Info.plist; sourceTree = "<group>"; };
		F25AAB872A368F59001C9776 /* iOSChatTests.xctest */ = {isa = PBXFileReference; explicitFileType = wrapper.cfbundle; includeInIndex = 0; path = iOSChatTests.xctest; sourceTree = BUILT_PRODUCTS_DIR; };
		F25AAB912A368F59001C9776 /* iOSChatUITests.xctest */ = {isa = PBXFileReference; explicitFileType = wrapper.cfbundle; includeInIndex = 0; path = iOSChatUITests.xctest; sourceTree = BUILT_PRODUCTS_DIR; };
		F25AABA62A369520001C9776 /* ViewController.swift */ = {isa = PBXFileReference; fileEncoding = 4; lastKnownFileType = sourcecode.swift; path = ViewController.swift; sourceTree = "<group>"; };
		F25AABA72A369520001C9776 /* ContactsTableViewManager.swift */ = {isa = PBXFileReference; fileEncoding = 4; lastKnownFileType = sourcecode.swift; path = ContactsTableViewManager.swift; sourceTree = "<group>"; };
		F25AABA82A369520001C9776 /* RightBarButtonManager.swift */ = {isa = PBXFileReference; fileEncoding = 4; lastKnownFileType = sourcecode.swift; path = RightBarButtonManager.swift; sourceTree = "<group>"; };
		F25AABAA2A369520001C9776 /* ContactsTableViewCell.swift */ = {isa = PBXFileReference; fileEncoding = 4; lastKnownFileType = sourcecode.swift; path = ContactsTableViewCell.swift; sourceTree = "<group>"; };
		F25AABAB2A369520001C9776 /* MainScreenView.swift */ = {isa = PBXFileReference; fileEncoding = 4; lastKnownFileType = sourcecode.swift; path = MainScreenView.swift; sourceTree = "<group>"; };
		F25AABB22A369535001C9776 /* User.swift */ = {isa = PBXFileReference; fileEncoding = 4; lastKnownFileType = sourcecode.swift; path = User.swift; sourceTree = "<group>"; };
		F25AABB52A369540001C9776 /* AddContactViewController.swift */ = {isa = PBXFileReference; fileEncoding = 4; lastKnownFileType = sourcecode.swift; path = AddContactViewController.swift; sourceTree = "<group>"; };
		F25AABB72A369540001C9776 /* AddContactView.swift */ = {isa = PBXFileReference; fileEncoding = 4; lastKnownFileType = sourcecode.swift; path = AddContactView.swift; sourceTree = "<group>"; };
		F25AABBB2A369572001C9776 /* RegisterFirebaseManager.swift */ = {isa = PBXFileReference; fileEncoding = 4; lastKnownFileType = sourcecode.swift; path = RegisterFirebaseManager.swift; sourceTree = "<group>"; };
		F25AABBC2A369572001C9776 /* RegisterProgressIndicatorManager.swift */ = {isa = PBXFileReference; fileEncoding = 4; lastKnownFileType = sourcecode.swift; path = RegisterProgressIndicatorManager.swift; sourceTree = "<group>"; };
		F25AABBE2A369572001C9776 /* RegisterView.swift */ = {isa = PBXFileReference; fileEncoding = 4; lastKnownFileType = sourcecode.swift; path = RegisterView.swift; sourceTree = "<group>"; };
		F25AABBF2A369572001C9776 /* RegisterViewController.swift */ = {isa = PBXFileReference; fileEncoding = 4; lastKnownFileType = sourcecode.swift; path = RegisterViewController.swift; sourceTree = "<group>"; };
		F25AABC72A3698D1001C9776 /* ViewChatViewController.swift */ = {isa = PBXFileReference; lastKnownFileType = sourcecode.swift; path = ViewChatViewController.swift; sourceTree = "<group>"; };
		F25AABC92A3698F1001C9776 /* ViewChatView.swift */ = {isa = PBXFileReference; lastKnownFileType = sourcecode.swift; path = ViewChatView.swift; sourceTree = "<group>"; };
		F25AABCB2A369B01001C9776 /* ChatTableViewCell.swift */ = {isa = PBXFileReference; lastKnownFileType = sourcecode.swift; path = ChatTableViewCell.swift; sourceTree = "<group>"; };
		F25AABCD2A36A944001C9776 /* Message.swift */ = {isa = PBXFileReference; lastKnownFileType = sourcecode.swift; path = Message.swift; sourceTree = "<group>"; };
		F25AABD02A36BA01001C9776 /* ProgressSpinnerViewController.swift */ = {isa = PBXFileReference; fileEncoding = 4; lastKnownFileType = sourcecode.swift; path = ProgressSpinnerViewController.swift; sourceTree = "<group>"; };
		F25AABD12A36BA01001C9776 /* ProgressSpinnerDelegate.swift */ = {isa = PBXFileReference; fileEncoding = 4; lastKnownFileType = sourcecode.swift; path = ProgressSpinnerDelegate.swift; sourceTree = "<group>"; };
/* End PBXFileReference section */

/* Begin PBXFrameworksBuildPhase section */
		F25AAB6E2A368F56001C9776 /* Frameworks */ = {
			isa = PBXFrameworksBuildPhase;
			buildActionMask = 2147483647;
			files = (
				40C4ACBF2A36A3A300389451 /* FirebaseAuth in Frameworks */,
				40C4ACC52A36A3A300389451 /* FirebaseStorage in Frameworks */,
				40C4ACC12A36A3A300389451 /* FirebaseFirestore in Frameworks */,
				40C4ACC32A36A3A300389451 /* FirebaseFirestoreSwift in Frameworks */,
			);
			runOnlyForDeploymentPostprocessing = 0;
		};
		F25AAB842A368F59001C9776 /* Frameworks */ = {
			isa = PBXFrameworksBuildPhase;
			buildActionMask = 2147483647;
			files = (
			);
			runOnlyForDeploymentPostprocessing = 0;
		};
		F25AAB8E2A368F59001C9776 /* Frameworks */ = {
			isa = PBXFrameworksBuildPhase;
			buildActionMask = 2147483647;
			files = (
			);
			runOnlyForDeploymentPostprocessing = 0;
		};
/* End PBXFrameworksBuildPhase section */

/* Begin PBXGroup section */
		F25AAB682A368F56001C9776 = {
			isa = PBXGroup;
			children = (
				F25AAB732A368F56001C9776 /* iOSChat */,
				F25AAB722A368F56001C9776 /* Products */,
			);
			sourceTree = "<group>";
		};
		F25AAB722A368F56001C9776 /* Products */ = {
			isa = PBXGroup;
			children = (
				F25AAB712A368F56001C9776 /* iOSChat.app */,
				F25AAB872A368F59001C9776 /* iOSChatTests.xctest */,
				F25AAB912A368F59001C9776 /* iOSChatUITests.xctest */,
			);
			name = Products;
			sourceTree = "<group>";
		};
		F25AAB732A368F56001C9776 /* iOSChat */ = {
			isa = PBXGroup;
			children = (
				40C4ACBB2A36A1BB00389451 /* GoogleService-Info.plist */,
				F25AAB742A368F56001C9776 /* AppDelegate.swift */,
				F25AAB762A368F56001C9776 /* SceneDelegate.swift */,
				F25AAB7A2A368F56001C9776 /* Main.storyboard */,
				F25AAB7D2A368F59001C9776 /* Assets.xcassets */,
				F25AAB7F2A368F59001C9776 /* LaunchScreen.storyboard */,
				F25AAB822A368F59001C9776 /* Info.plist */,
				F25AABCF2A36BA00001C9776 /* Progress Indicator */,
				F25AABC42A3698A9001C9776 /* viewChat */,
				F25AABBA2A369572001C9776 /* Register Screen */,
				F25AABB42A369540001C9776 /* Add Contact Screen */,
				F25AABB12A369535001C9776 /* Data Models */,
				F25AABA52A369520001C9776 /* Main Screen  */,
			);
			path = iOSChat;
			sourceTree = "<group>";
		};
		F25AABA52A369520001C9776 /* Main Screen  */ = {
			isa = PBXGroup;
			children = (
				F25AABA62A369520001C9776 /* ViewController.swift */,
				F25AABA72A369520001C9776 /* ContactsTableViewManager.swift */,
				F25AABA82A369520001C9776 /* RightBarButtonManager.swift */,
				F25AABA92A369520001C9776 /* Views */,
			);
			path = "Main Screen ";
			sourceTree = "<group>";
		};
		F25AABA92A369520001C9776 /* Views */ = {
			isa = PBXGroup;
			children = (
				F25AABAA2A369520001C9776 /* ContactsTableViewCell.swift */,
				F25AABAB2A369520001C9776 /* MainScreenView.swift */,
			);
			path = Views;
			sourceTree = "<group>";
		};
		F25AABB12A369535001C9776 /* Data Models */ = {
			isa = PBXGroup;
			children = (
				F25AABB22A369535001C9776 /* User.swift */,
				F25AABCD2A36A944001C9776 /* Message.swift */,
			);
			path = "Data Models";
			sourceTree = "<group>";
		};
		F25AABB42A369540001C9776 /* Add Contact Screen */ = {
			isa = PBXGroup;
			children = (
				F25AABB52A369540001C9776 /* AddContactViewController.swift */,
				F25AABB62A369540001C9776 /* Views */,
			);
			path = "Add Contact Screen";
			sourceTree = "<group>";
		};
		F25AABB62A369540001C9776 /* Views */ = {
			isa = PBXGroup;
			children = (
				F25AABB72A369540001C9776 /* AddContactView.swift */,
			);
			path = Views;
			sourceTree = "<group>";
		};
		F25AABBA2A369572001C9776 /* Register Screen */ = {
			isa = PBXGroup;
			children = (
				F25AABBB2A369572001C9776 /* RegisterFirebaseManager.swift */,
				F25AABBC2A369572001C9776 /* RegisterProgressIndicatorManager.swift */,
				F25AABBD2A369572001C9776 /* Views */,
				F25AABBF2A369572001C9776 /* RegisterViewController.swift */,
			);
			path = "Register Screen";
			sourceTree = "<group>";
		};
		F25AABBD2A369572001C9776 /* Views */ = {
			isa = PBXGroup;
			children = (
				F25AABBE2A369572001C9776 /* RegisterView.swift */,
			);
			path = Views;
			sourceTree = "<group>";
		};
		F25AABC42A3698A9001C9776 /* viewChat */ = {
			isa = PBXGroup;
			children = (
				F25AABC72A3698D1001C9776 /* ViewChatViewController.swift */,
				F25AABCB2A369B01001C9776 /* ChatTableViewCell.swift */,
				F25AABC92A3698F1001C9776 /* ViewChatView.swift */,
			);
			path = viewChat;
			sourceTree = "<group>";
		};
		F25AABCF2A36BA00001C9776 /* Progress Indicator */ = {
			isa = PBXGroup;
			children = (
				F25AABD02A36BA01001C9776 /* ProgressSpinnerViewController.swift */,
				F25AABD12A36BA01001C9776 /* ProgressSpinnerDelegate.swift */,
			);
			path = "Progress Indicator";
			sourceTree = "<group>";
		};
/* End PBXGroup section */

/* Begin PBXNativeTarget section */
		F25AAB702A368F56001C9776 /* iOSChat */ = {
			isa = PBXNativeTarget;
			buildConfigurationList = F25AAB9B2A368F59001C9776 /* Build configuration list for PBXNativeTarget "iOSChat" */;
			buildPhases = (
				F25AAB6D2A368F56001C9776 /* Sources */,
				F25AAB6E2A368F56001C9776 /* Frameworks */,
				F25AAB6F2A368F56001C9776 /* Resources */,
			);
			buildRules = (
			);
			dependencies = (
			);
			name = iOSChat;
			packageProductDependencies = (
				40C4ACBE2A36A3A300389451 /* FirebaseAuth */,
				40C4ACC02A36A3A300389451 /* FirebaseFirestore */,
				40C4ACC22A36A3A300389451 /* FirebaseFirestoreSwift */,
				40C4ACC42A36A3A300389451 /* FirebaseStorage */,
			);
			productName = iOSChat;
			productReference = F25AAB712A368F56001C9776 /* iOSChat.app */;
			productType = "com.apple.product-type.application";
		};
		F25AAB862A368F59001C9776 /* iOSChatTests */ = {
			isa = PBXNativeTarget;
			buildConfigurationList = F25AAB9E2A368F59001C9776 /* Build configuration list for PBXNativeTarget "iOSChatTests" */;
			buildPhases = (
				F25AAB832A368F59001C9776 /* Sources */,
				F25AAB842A368F59001C9776 /* Frameworks */,
				F25AAB852A368F59001C9776 /* Resources */,
			);
			buildRules = (
			);
			dependencies = (
				F25AAB892A368F59001C9776 /* PBXTargetDependency */,
			);
			name = iOSChatTests;
			productName = iOSChatTests;
			productReference = F25AAB872A368F59001C9776 /* iOSChatTests.xctest */;
			productType = "com.apple.product-type.bundle.unit-test";
		};
		F25AAB902A368F59001C9776 /* iOSChatUITests */ = {
			isa = PBXNativeTarget;
			buildConfigurationList = F25AABA12A368F59001C9776 /* Build configuration list for PBXNativeTarget "iOSChatUITests" */;
			buildPhases = (
				F25AAB8D2A368F59001C9776 /* Sources */,
				F25AAB8E2A368F59001C9776 /* Frameworks */,
				F25AAB8F2A368F59001C9776 /* Resources */,
			);
			buildRules = (
			);
			dependencies = (
				F25AAB932A368F59001C9776 /* PBXTargetDependency */,
			);
			name = iOSChatUITests;
			productName = iOSChatUITests;
			productReference = F25AAB912A368F59001C9776 /* iOSChatUITests.xctest */;
			productType = "com.apple.product-type.bundle.ui-testing";
		};
/* End PBXNativeTarget section */

/* Begin PBXProject section */
		F25AAB692A368F56001C9776 /* Project object */ = {
			isa = PBXProject;
			attributes = {
				BuildIndependentTargetsInParallel = 1;
				LastSwiftUpdateCheck = 1430;
				LastUpgradeCheck = 1430;
				TargetAttributes = {
					F25AAB702A368F56001C9776 = {
						CreatedOnToolsVersion = 14.3.1;
					};
					F25AAB862A368F59001C9776 = {
						CreatedOnToolsVersion = 14.3.1;
						TestTargetID = F25AAB702A368F56001C9776;
					};
					F25AAB902A368F59001C9776 = {
						CreatedOnToolsVersion = 14.3.1;
						TestTargetID = F25AAB702A368F56001C9776;
					};
				};
			};
			buildConfigurationList = F25AAB6C2A368F56001C9776 /* Build configuration list for PBXProject "iOSChat" */;
			compatibilityVersion = "Xcode 14.0";
			developmentRegion = en;
			hasScannedForEncodings = 0;
			knownRegions = (
				en,
				Base,
			);
			mainGroup = F25AAB682A368F56001C9776;
			packageReferences = (
				40C4ACBD2A36A3A300389451 /* XCRemoteSwiftPackageReference "firebase-ios-sdk" */,
			);
			productRefGroup = F25AAB722A368F56001C9776 /* Products */;
			projectDirPath = "";
			projectRoot = "";
			targets = (
				F25AAB702A368F56001C9776 /* iOSChat */,
				F25AAB862A368F59001C9776 /* iOSChatTests */,
				F25AAB902A368F59001C9776 /* iOSChatUITests */,
			);
		};
/* End PBXProject section */

/* Begin PBXResourcesBuildPhase section */
		F25AAB6F2A368F56001C9776 /* Resources */ = {
			isa = PBXResourcesBuildPhase;
			buildActionMask = 2147483647;
			files = (
				F25AAB812A368F59001C9776 /* LaunchScreen.storyboard in Resources */,
				40C4ACBC2A36A1BB00389451 /* GoogleService-Info.plist in Resources */,
				F25AAB7E2A368F59001C9776 /* Assets.xcassets in Resources */,
				F25AAB7C2A368F56001C9776 /* Main.storyboard in Resources */,
			);
			runOnlyForDeploymentPostprocessing = 0;
		};
		F25AAB852A368F59001C9776 /* Resources */ = {
			isa = PBXResourcesBuildPhase;
			buildActionMask = 2147483647;
			files = (
			);
			runOnlyForDeploymentPostprocessing = 0;
		};
		F25AAB8F2A368F59001C9776 /* Resources */ = {
			isa = PBXResourcesBuildPhase;
			buildActionMask = 2147483647;
			files = (
			);
			runOnlyForDeploymentPostprocessing = 0;
		};
/* End PBXResourcesBuildPhase section */

/* Begin PBXSourcesBuildPhase section */
		F25AAB6D2A368F56001C9776 /* Sources */ = {
			isa = PBXSourcesBuildPhase;
			buildActionMask = 2147483647;
			files = (
				F25AABAC2A369521001C9776 /* ViewController.swift in Sources */,
				F25AABC82A3698D1001C9776 /* ViewChatViewController.swift in Sources */,
				F25AABB92A369540001C9776 /* AddContactView.swift in Sources */,
				F25AABCE2A36A944001C9776 /* Message.swift in Sources */,
				F25AABD22A36BA01001C9776 /* ProgressSpinnerViewController.swift in Sources */,
				F25AABCA2A3698F1001C9776 /* ViewChatView.swift in Sources */,
				F25AABC22A369573001C9776 /* RegisterView.swift in Sources */,
				F25AABAE2A369521001C9776 /* RightBarButtonManager.swift in Sources */,
				F25AABC02A369573001C9776 /* RegisterFirebaseManager.swift in Sources */,
				F25AABB02A369521001C9776 /* MainScreenView.swift in Sources */,
				F25AABB82A369540001C9776 /* AddContactViewController.swift in Sources */,
				F25AABAF2A369521001C9776 /* ContactsTableViewCell.swift in Sources */,
				F25AABC12A369573001C9776 /* RegisterProgressIndicatorManager.swift in Sources */,
				F25AABC32A369573001C9776 /* RegisterViewController.swift in Sources */,
				F25AABCC2A369B01001C9776 /* ChatTableViewCell.swift in Sources */,
				F25AABD32A36BA01001C9776 /* ProgressSpinnerDelegate.swift in Sources */,
				F25AABB32A369535001C9776 /* User.swift in Sources */,
				F25AAB752A368F56001C9776 /* AppDelegate.swift in Sources */,
				F25AABAD2A369521001C9776 /* ContactsTableViewManager.swift in Sources */,
				F25AAB772A368F56001C9776 /* SceneDelegate.swift in Sources */,
			);
			runOnlyForDeploymentPostprocessing = 0;
		};
		F25AAB832A368F59001C9776 /* Sources */ = {
			isa = PBXSourcesBuildPhase;
			buildActionMask = 2147483647;
			files = (
			);
			runOnlyForDeploymentPostprocessing = 0;
		};
		F25AAB8D2A368F59001C9776 /* Sources */ = {
			isa = PBXSourcesBuildPhase;
			buildActionMask = 2147483647;
			files = (
			);
			runOnlyForDeploymentPostprocessing = 0;
		};
/* End PBXSourcesBuildPhase section */

/* Begin PBXTargetDependency section */
		F25AAB892A368F59001C9776 /* PBXTargetDependency */ = {
			isa = PBXTargetDependency;
			target = F25AAB702A368F56001C9776 /* iOSChat */;
			targetProxy = F25AAB882A368F59001C9776 /* PBXContainerItemProxy */;
		};
		F25AAB932A368F59001C9776 /* PBXTargetDependency */ = {
			isa = PBXTargetDependency;
			target = F25AAB702A368F56001C9776 /* iOSChat */;
			targetProxy = F25AAB922A368F59001C9776 /* PBXContainerItemProxy */;
		};
/* End PBXTargetDependency section */

/* Begin PBXVariantGroup section */
		F25AAB7A2A368F56001C9776 /* Main.storyboard */ = {
			isa = PBXVariantGroup;
			children = (
				F25AAB7B2A368F56001C9776 /* Base */,
			);
			name = Main.storyboard;
			sourceTree = "<group>";
		};
		F25AAB7F2A368F59001C9776 /* LaunchScreen.storyboard */ = {
			isa = PBXVariantGroup;
			children = (
				F25AAB802A368F59001C9776 /* Base */,
			);
			name = LaunchScreen.storyboard;
			sourceTree = "<group>";
		};
/* End PBXVariantGroup section */

/* Begin XCBuildConfiguration section */
		F25AAB992A368F59001C9776 /* Debug */ = {
			isa = XCBuildConfiguration;
			buildSettings = {
				ALWAYS_SEARCH_USER_PATHS = NO;
				CLANG_ANALYZER_NONNULL = YES;
				CLANG_ANALYZER_NUMBER_OBJECT_CONVERSION = YES_AGGRESSIVE;
				CLANG_CXX_LANGUAGE_STANDARD = "gnu++20";
				CLANG_ENABLE_MODULES = YES;
				CLANG_ENABLE_OBJC_ARC = YES;
				CLANG_ENABLE_OBJC_WEAK = YES;
				CLANG_WARN_BLOCK_CAPTURE_AUTORELEASING = YES;
				CLANG_WARN_BOOL_CONVERSION = YES;
				CLANG_WARN_COMMA = YES;
				CLANG_WARN_CONSTANT_CONVERSION = YES;
				CLANG_WARN_DEPRECATED_OBJC_IMPLEMENTATIONS = YES;
				CLANG_WARN_DIRECT_OBJC_ISA_USAGE = YES_ERROR;
				CLANG_WARN_DOCUMENTATION_COMMENTS = YES;
				CLANG_WARN_EMPTY_BODY = YES;
				CLANG_WARN_ENUM_CONVERSION = YES;
				CLANG_WARN_INFINITE_RECURSION = YES;
				CLANG_WARN_INT_CONVERSION = YES;
				CLANG_WARN_NON_LITERAL_NULL_CONVERSION = YES;
				CLANG_WARN_OBJC_IMPLICIT_RETAIN_SELF = YES;
				CLANG_WARN_OBJC_LITERAL_CONVERSION = YES;
				CLANG_WARN_OBJC_ROOT_CLASS = YES_ERROR;
				CLANG_WARN_QUOTED_INCLUDE_IN_FRAMEWORK_HEADER = YES;
				CLANG_WARN_RANGE_LOOP_ANALYSIS = YES;
				CLANG_WARN_STRICT_PROTOTYPES = YES;
				CLANG_WARN_SUSPICIOUS_MOVE = YES;
				CLANG_WARN_UNGUARDED_AVAILABILITY = YES_AGGRESSIVE;
				CLANG_WARN_UNREACHABLE_CODE = YES;
				CLANG_WARN__DUPLICATE_METHOD_MATCH = YES;
				COPY_PHASE_STRIP = NO;
				DEBUG_INFORMATION_FORMAT = dwarf;
				ENABLE_STRICT_OBJC_MSGSEND = YES;
				ENABLE_TESTABILITY = YES;
				GCC_C_LANGUAGE_STANDARD = gnu11;
				GCC_DYNAMIC_NO_PIC = NO;
				GCC_NO_COMMON_BLOCKS = YES;
				GCC_OPTIMIZATION_LEVEL = 0;
				GCC_PREPROCESSOR_DEFINITIONS = (
					"DEBUG=1",
					"$(inherited)",
				);
				GCC_WARN_64_TO_32_BIT_CONVERSION = YES;
				GCC_WARN_ABOUT_RETURN_TYPE = YES_ERROR;
				GCC_WARN_UNDECLARED_SELECTOR = YES;
				GCC_WARN_UNINITIALIZED_AUTOS = YES_AGGRESSIVE;
				GCC_WARN_UNUSED_FUNCTION = YES;
				GCC_WARN_UNUSED_VARIABLE = YES;
				IPHONEOS_DEPLOYMENT_TARGET = 16.4;
				MTL_ENABLE_DEBUG_INFO = INCLUDE_SOURCE;
				MTL_FAST_MATH = YES;
				ONLY_ACTIVE_ARCH = YES;
				SDKROOT = iphoneos;
				SWIFT_ACTIVE_COMPILATION_CONDITIONS = DEBUG;
				SWIFT_OPTIMIZATION_LEVEL = "-Onone";
			};
			name = Debug;
		};
		F25AAB9A2A368F59001C9776 /* Release */ = {
			isa = XCBuildConfiguration;
			buildSettings = {
				ALWAYS_SEARCH_USER_PATHS = NO;
				CLANG_ANALYZER_NONNULL = YES;
				CLANG_ANALYZER_NUMBER_OBJECT_CONVERSION = YES_AGGRESSIVE;
				CLANG_CXX_LANGUAGE_STANDARD = "gnu++20";
				CLANG_ENABLE_MODULES = YES;
				CLANG_ENABLE_OBJC_ARC = YES;
				CLANG_ENABLE_OBJC_WEAK = YES;
				CLANG_WARN_BLOCK_CAPTURE_AUTORELEASING = YES;
				CLANG_WARN_BOOL_CONVERSION = YES;
				CLANG_WARN_COMMA = YES;
				CLANG_WARN_CONSTANT_CONVERSION = YES;
				CLANG_WARN_DEPRECATED_OBJC_IMPLEMENTATIONS = YES;
				CLANG_WARN_DIRECT_OBJC_ISA_USAGE = YES_ERROR;
				CLANG_WARN_DOCUMENTATION_COMMENTS = YES;
				CLANG_WARN_EMPTY_BODY = YES;
				CLANG_WARN_ENUM_CONVERSION = YES;
				CLANG_WARN_INFINITE_RECURSION = YES;
				CLANG_WARN_INT_CONVERSION = YES;
				CLANG_WARN_NON_LITERAL_NULL_CONVERSION = YES;
				CLANG_WARN_OBJC_IMPLICIT_RETAIN_SELF = YES;
				CLANG_WARN_OBJC_LITERAL_CONVERSION = YES;
				CLANG_WARN_OBJC_ROOT_CLASS = YES_ERROR;
				CLANG_WARN_QUOTED_INCLUDE_IN_FRAMEWORK_HEADER = YES;
				CLANG_WARN_RANGE_LOOP_ANALYSIS = YES;
				CLANG_WARN_STRICT_PROTOTYPES = YES;
				CLANG_WARN_SUSPICIOUS_MOVE = YES;
				CLANG_WARN_UNGUARDED_AVAILABILITY = YES_AGGRESSIVE;
				CLANG_WARN_UNREACHABLE_CODE = YES;
				CLANG_WARN__DUPLICATE_METHOD_MATCH = YES;
				COPY_PHASE_STRIP = NO;
				DEBUG_INFORMATION_FORMAT = "dwarf-with-dsym";
				ENABLE_NS_ASSERTIONS = NO;
				ENABLE_STRICT_OBJC_MSGSEND = YES;
				GCC_C_LANGUAGE_STANDARD = gnu11;
				GCC_NO_COMMON_BLOCKS = YES;
				GCC_WARN_64_TO_32_BIT_CONVERSION = YES;
				GCC_WARN_ABOUT_RETURN_TYPE = YES_ERROR;
				GCC_WARN_UNDECLARED_SELECTOR = YES;
				GCC_WARN_UNINITIALIZED_AUTOS = YES_AGGRESSIVE;
				GCC_WARN_UNUSED_FUNCTION = YES;
				GCC_WARN_UNUSED_VARIABLE = YES;
				IPHONEOS_DEPLOYMENT_TARGET = 16.4;
				MTL_ENABLE_DEBUG_INFO = NO;
				MTL_FAST_MATH = YES;
				SDKROOT = iphoneos;
				SWIFT_COMPILATION_MODE = wholemodule;
				SWIFT_OPTIMIZATION_LEVEL = "-O";
				VALIDATE_PRODUCT = YES;
			};
			name = Release;
		};
		F25AAB9C2A368F59001C9776 /* Debug */ = {
			isa = XCBuildConfiguration;
			buildSettings = {
				ASSETCATALOG_COMPILER_APPICON_NAME = AppIcon;
				ASSETCATALOG_COMPILER_GLOBAL_ACCENT_COLOR_NAME = AccentColor;
				CODE_SIGN_STYLE = Automatic;
				CURRENT_PROJECT_VERSION = 1;
				DEVELOPMENT_TEAM = J7XUJY2UUV;
				GENERATE_INFOPLIST_FILE = YES;
				INFOPLIST_FILE = iOSChat/Info.plist;
				INFOPLIST_KEY_UIApplicationSupportsIndirectInputEvents = YES;
				INFOPLIST_KEY_UILaunchStoryboardName = LaunchScreen;
				INFOPLIST_KEY_UIMainStoryboardFile = Main;
				INFOPLIST_KEY_UISupportedInterfaceOrientations_iPad = "UIInterfaceOrientationPortrait UIInterfaceOrientationPortraitUpsideDown UIInterfaceOrientationLandscapeLeft UIInterfaceOrientationLandscapeRight";
				INFOPLIST_KEY_UISupportedInterfaceOrientations_iPhone = "UIInterfaceOrientationPortrait UIInterfaceOrientationLandscapeLeft UIInterfaceOrientationLandscapeRight";
				LD_RUNPATH_SEARCH_PATHS = (
					"$(inherited)",
					"@executable_path/Frameworks",
				);
				MARKETING_VERSION = 1.0;
				PRODUCT_BUNDLE_IDENTIFIER = com.azn.iOSChat;
				PRODUCT_NAME = "$(TARGET_NAME)";
				SWIFT_EMIT_LOC_STRINGS = YES;
				SWIFT_VERSION = 5.0;
				TARGETED_DEVICE_FAMILY = "1,2";
			};
			name = Debug;
		};
		F25AAB9D2A368F59001C9776 /* Release */ = {
			isa = XCBuildConfiguration;
			buildSettings = {
				ASSETCATALOG_COMPILER_APPICON_NAME = AppIcon;
				ASSETCATALOG_COMPILER_GLOBAL_ACCENT_COLOR_NAME = AccentColor;
				CODE_SIGN_STYLE = Automatic;
				CURRENT_PROJECT_VERSION = 1;
				DEVELOPMENT_TEAM = J7XUJY2UUV;
				GENERATE_INFOPLIST_FILE = YES;
				INFOPLIST_FILE = iOSChat/Info.plist;
				INFOPLIST_KEY_UIApplicationSupportsIndirectInputEvents = YES;
				INFOPLIST_KEY_UILaunchStoryboardName = LaunchScreen;
				INFOPLIST_KEY_UIMainStoryboardFile = Main;
				INFOPLIST_KEY_UISupportedInterfaceOrientations_iPad = "UIInterfaceOrientationPortrait UIInterfaceOrientationPortraitUpsideDown UIInterfaceOrientationLandscapeLeft UIInterfaceOrientationLandscapeRight";
				INFOPLIST_KEY_UISupportedInterfaceOrientations_iPhone = "UIInterfaceOrientationPortrait UIInterfaceOrientationLandscapeLeft UIInterfaceOrientationLandscapeRight";
				LD_RUNPATH_SEARCH_PATHS = (
					"$(inherited)",
					"@executable_path/Frameworks",
				);
				MARKETING_VERSION = 1.0;
				PRODUCT_BUNDLE_IDENTIFIER = com.azn.iOSChat;
				PRODUCT_NAME = "$(TARGET_NAME)";
				SWIFT_EMIT_LOC_STRINGS = YES;
				SWIFT_VERSION = 5.0;
				TARGETED_DEVICE_FAMILY = "1,2";
			};
			name = Release;
		};
		F25AAB9F2A368F59001C9776 /* Debug */ = {
			isa = XCBuildConfiguration;
			buildSettings = {
				ALWAYS_EMBED_SWIFT_STANDARD_LIBRARIES = YES;
				BUNDLE_LOADER = "$(TEST_HOST)";
				CODE_SIGN_STYLE = Automatic;
				CURRENT_PROJECT_VERSION = 1;
				DEVELOPMENT_TEAM = J7XUJY2UUV;
				GENERATE_INFOPLIST_FILE = YES;
				IPHONEOS_DEPLOYMENT_TARGET = 16.4;
				MARKETING_VERSION = 1.0;
				PRODUCT_BUNDLE_IDENTIFIER = com.azn.iOSChatTests;
				PRODUCT_NAME = "$(TARGET_NAME)";
				SWIFT_EMIT_LOC_STRINGS = NO;
				SWIFT_VERSION = 5.0;
				TARGETED_DEVICE_FAMILY = "1,2";
				TEST_HOST = "$(BUILT_PRODUCTS_DIR)/iOSChat.app/$(BUNDLE_EXECUTABLE_FOLDER_PATH)/iOSChat";
			};
			name = Debug;
		};
		F25AABA02A368F59001C9776 /* Release */ = {
			isa = XCBuildConfiguration;
			buildSettings = {
				ALWAYS_EMBED_SWIFT_STANDARD_LIBRARIES = YES;
				BUNDLE_LOADER = "$(TEST_HOST)";
				CODE_SIGN_STYLE = Automatic;
				CURRENT_PROJECT_VERSION = 1;
				DEVELOPMENT_TEAM = J7XUJY2UUV;
				GENERATE_INFOPLIST_FILE = YES;
				IPHONEOS_DEPLOYMENT_TARGET = 16.4;
				MARKETING_VERSION = 1.0;
				PRODUCT_BUNDLE_IDENTIFIER = com.azn.iOSChatTests;
				PRODUCT_NAME = "$(TARGET_NAME)";
				SWIFT_EMIT_LOC_STRINGS = NO;
				SWIFT_VERSION = 5.0;
				TARGETED_DEVICE_FAMILY = "1,2";
				TEST_HOST = "$(BUILT_PRODUCTS_DIR)/iOSChat.app/$(BUNDLE_EXECUTABLE_FOLDER_PATH)/iOSChat";
			};
			name = Release;
		};
		F25AABA22A368F59001C9776 /* Debug */ = {
			isa = XCBuildConfiguration;
			buildSettings = {
				ALWAYS_EMBED_SWIFT_STANDARD_LIBRARIES = YES;
				CODE_SIGN_STYLE = Automatic;
				CURRENT_PROJECT_VERSION = 1;
				DEVELOPMENT_TEAM = J7XUJY2UUV;
				GENERATE_INFOPLIST_FILE = YES;
				MARKETING_VERSION = 1.0;
				PRODUCT_BUNDLE_IDENTIFIER = com.azn.iOSChatUITests;
				PRODUCT_NAME = "$(TARGET_NAME)";
				SWIFT_EMIT_LOC_STRINGS = NO;
				SWIFT_VERSION = 5.0;
				TARGETED_DEVICE_FAMILY = "1,2";
				TEST_TARGET_NAME = iOSChat;
			};
			name = Debug;
		};
		F25AABA32A368F59001C9776 /* Release */ = {
			isa = XCBuildConfiguration;
			buildSettings = {
				ALWAYS_EMBED_SWIFT_STANDARD_LIBRARIES = YES;
				CODE_SIGN_STYLE = Automatic;
				CURRENT_PROJECT_VERSION = 1;
				DEVELOPMENT_TEAM = J7XUJY2UUV;
				GENERATE_INFOPLIST_FILE = YES;
				MARKETING_VERSION = 1.0;
				PRODUCT_BUNDLE_IDENTIFIER = com.azn.iOSChatUITests;
				PRODUCT_NAME = "$(TARGET_NAME)";
				SWIFT_EMIT_LOC_STRINGS = NO;
				SWIFT_VERSION = 5.0;
				TARGETED_DEVICE_FAMILY = "1,2";
				TEST_TARGET_NAME = iOSChat;
			};
			name = Release;
		};
/* End XCBuildConfiguration section */

/* Begin XCConfigurationList section */
		F25AAB6C2A368F56001C9776 /* Build configuration list for PBXProject "iOSChat" */ = {
			isa = XCConfigurationList;
			buildConfigurations = (
				F25AAB992A368F59001C9776 /* Debug */,
				F25AAB9A2A368F59001C9776 /* Release */,
			);
			defaultConfigurationIsVisible = 0;
			defaultConfigurationName = Release;
		};
		F25AAB9B2A368F59001C9776 /* Build configuration list for PBXNativeTarget "iOSChat" */ = {
			isa = XCConfigurationList;
			buildConfigurations = (
				F25AAB9C2A368F59001C9776 /* Debug */,
				F25AAB9D2A368F59001C9776 /* Release */,
			);
			defaultConfigurationIsVisible = 0;
			defaultConfigurationName = Release;
		};
		F25AAB9E2A368F59001C9776 /* Build configuration list for PBXNativeTarget "iOSChatTests" */ = {
			isa = XCConfigurationList;
			buildConfigurations = (
				F25AAB9F2A368F59001C9776 /* Debug */,
				F25AABA02A368F59001C9776 /* Release */,
			);
			defaultConfigurationIsVisible = 0;
			defaultConfigurationName = Release;
		};
		F25AABA12A368F59001C9776 /* Build configuration list for PBXNativeTarget "iOSChatUITests" */ = {
			isa = XCConfigurationList;
			buildConfigurations = (
				F25AABA22A368F59001C9776 /* Debug */,
				F25AABA32A368F59001C9776 /* Release */,
			);
			defaultConfigurationIsVisible = 0;
			defaultConfigurationName = Release;
		};
/* End XCConfigurationList section */

/* Begin XCRemoteSwiftPackageReference section */
		40C4ACBD2A36A3A300389451 /* XCRemoteSwiftPackageReference "firebase-ios-sdk" */ = {
			isa = XCRemoteSwiftPackageReference;
			repositoryURL = "https://github.com/firebase/firebase-ios-sdk";
			requirement = {
				kind = upToNextMajorVersion;
				minimumVersion = 10.0.0;
			};
		};
/* End XCRemoteSwiftPackageReference section */

/* Begin XCSwiftPackageProductDependency section */
		40C4ACBE2A36A3A300389451 /* FirebaseAuth */ = {
			isa = XCSwiftPackageProductDependency;
			package = 40C4ACBD2A36A3A300389451 /* XCRemoteSwiftPackageReference "firebase-ios-sdk" */;
			productName = FirebaseAuth;
		};
		40C4ACC02A36A3A300389451 /* FirebaseFirestore */ = {
			isa = XCSwiftPackageProductDependency;
			package = 40C4ACBD2A36A3A300389451 /* XCRemoteSwiftPackageReference "firebase-ios-sdk" */;
			productName = FirebaseFirestore;
		};
		40C4ACC22A36A3A300389451 /* FirebaseFirestoreSwift */ = {
			isa = XCSwiftPackageProductDependency;
			package = 40C4ACBD2A36A3A300389451 /* XCRemoteSwiftPackageReference "firebase-ios-sdk" */;
			productName = FirebaseFirestoreSwift;
		};
		40C4ACC42A36A3A300389451 /* FirebaseStorage */ = {
			isa = XCSwiftPackageProductDependency;
			package = 40C4ACBD2A36A3A300389451 /* XCRemoteSwiftPackageReference "firebase-ios-sdk" */;
			productName = FirebaseStorage;
		};
/* End XCSwiftPackageProductDependency section */
	};
	rootObject = F25AAB692A368F56001C9776 /* Project object */;
}
